// !$*UTF8*$!
{
	archiveVersion = 1;
	classes = {
	};
	objectVersion = 46;
	objects = {

/* Begin PBXBuildFile section */
		B671287B1919E9A200E6AFC1 /* Foundation.framework in Frameworks */ = {isa = PBXBuildFile; fileRef = B671287A1919E9A200E6AFC1 /* Foundation.framework */; };
		B671287D1919E9A200E6AFC1 /* CoreGraphics.framework in Frameworks */ = {isa = PBXBuildFile; fileRef = B671287C1919E9A200E6AFC1 /* CoreGraphics.framework */; };
		B671287F1919E9A200E6AFC1 /* UIKit.framework in Frameworks */ = {isa = PBXBuildFile; fileRef = B671287E1919E9A200E6AFC1 /* UIKit.framework */; };
		B67128851919E9A200E6AFC1 /* InfoPlist.strings in Resources */ = {isa = PBXBuildFile; fileRef = B67128831919E9A200E6AFC1 /* InfoPlist.strings */; };
		B67128871919E9A200E6AFC1 /* main.m in Sources */ = {isa = PBXBuildFile; fileRef = B67128861919E9A200E6AFC1 /* main.m */; };
		B671288B1919E9A200E6AFC1 /* SCAppDelegate.m in Sources */ = {isa = PBXBuildFile; fileRef = B671288A1919E9A200E6AFC1 /* SCAppDelegate.m */; };
		B671288E1919E9A200E6AFC1 /* Main.storyboard in Resources */ = {isa = PBXBuildFile; fileRef = B671288C1919E9A200E6AFC1 /* Main.storyboard */; };
		B67128911919E9A200E6AFC1 /* SCFirstViewController.m in Sources */ = {isa = PBXBuildFile; fileRef = B67128901919E9A200E6AFC1 /* SCFirstViewController.m */; };
		B67128941919E9A200E6AFC1 /* SCSecondViewController.m in Sources */ = {isa = PBXBuildFile; fileRef = B67128931919E9A200E6AFC1 /* SCSecondViewController.m */; };
		B67128961919E9A200E6AFC1 /* Images.xcassets in Resources */ = {isa = PBXBuildFile; fileRef = B67128951919E9A200E6AFC1 /* Images.xcassets */; };
		B671289D1919E9A200E6AFC1 /* XCTest.framework in Frameworks */ = {isa = PBXBuildFile; fileRef = B671289C1919E9A200E6AFC1 /* XCTest.framework */; };
		B671289E1919E9A200E6AFC1 /* Foundation.framework in Frameworks */ = {isa = PBXBuildFile; fileRef = B671287A1919E9A200E6AFC1 /* Foundation.framework */; };
		B671289F1919E9A200E6AFC1 /* UIKit.framework in Frameworks */ = {isa = PBXBuildFile; fileRef = B671287E1919E9A200E6AFC1 /* UIKit.framework */; };
		B67128A71919E9A200E6AFC1 /* InfoPlist.strings in Resources */ = {isa = PBXBuildFile; fileRef = B67128A51919E9A200E6AFC1 /* InfoPlist.strings */; };
		B67128A91919E9A200E6AFC1 /* SitCirclesTests.m in Sources */ = {isa = PBXBuildFile; fileRef = B67128A81919E9A200E6AFC1 /* SitCirclesTests.m */; };
		CB0199430A4E4F4C9EBA57A8 /* libPods.a in Frameworks */ = {isa = PBXBuildFile; fileRef = 46B0A998E30B455D931B0C2B /* libPods.a */; };
/* End PBXBuildFile section */

/* Begin PBXContainerItemProxy section */
		B67128A01919E9A200E6AFC1 /* PBXContainerItemProxy */ = {
			isa = PBXContainerItemProxy;
			containerPortal = B671286F1919E9A200E6AFC1 /* Project object */;
			proxyType = 1;
			remoteGlobalIDString = B67128761919E9A200E6AFC1;
			remoteInfo = SitCircles;
		};
/* End PBXContainerItemProxy section */

/* Begin PBXFileReference section */
		46B0A998E30B455D931B0C2B /* libPods.a */ = {isa = PBXFileReference; explicitFileType = archive.ar; includeInIndex = 0; path = libPods.a; sourceTree = BUILT_PRODUCTS_DIR; };
		B67128771919E9A200E6AFC1 /* SitCircles.app */ = {isa = PBXFileReference; explicitFileType = wrapper.application; includeInIndex = 0; path = SitCircles.app; sourceTree = BUILT_PRODUCTS_DIR; };
		B671287A1919E9A200E6AFC1 /* Foundation.framework */ = {isa = PBXFileReference; lastKnownFileType = wrapper.framework; name = Foundation.framework; path = System/Library/Frameworks/Foundation.framework; sourceTree = SDKROOT; };
		B671287C1919E9A200E6AFC1 /* CoreGraphics.framework */ = {isa = PBXFileReference; lastKnownFileType = wrapper.framework; name = CoreGraphics.framework; path = System/Library/Frameworks/CoreGraphics.framework; sourceTree = SDKROOT; };
		B671287E1919E9A200E6AFC1 /* UIKit.framework */ = {isa = PBXFileReference; lastKnownFileType = wrapper.framework; name = UIKit.framework; path = System/Library/Frameworks/UIKit.framework; sourceTree = SDKROOT; };
		B67128821919E9A200E6AFC1 /* SitCircles-Info.plist */ = {isa = PBXFileReference; lastKnownFileType = text.plist.xml; path = "SitCircles-Info.plist"; sourceTree = "<group>"; };
		B67128841919E9A200E6AFC1 /* en */ = {isa = PBXFileReference; lastKnownFileType = text.plist.strings; name = en; path = en.lproj/InfoPlist.strings; sourceTree = "<group>"; };
		B67128861919E9A200E6AFC1 /* main.m */ = {isa = PBXFileReference; lastKnownFileType = sourcecode.c.objc; path = main.m; sourceTree = "<group>"; };
		B67128881919E9A200E6AFC1 /* SitCircles-Prefix.pch */ = {isa = PBXFileReference; lastKnownFileType = sourcecode.c.h; path = "SitCircles-Prefix.pch"; sourceTree = "<group>"; };
		B67128891919E9A200E6AFC1 /* SCAppDelegate.h */ = {isa = PBXFileReference; lastKnownFileType = sourcecode.c.h; path = SCAppDelegate.h; sourceTree = "<group>"; };
		B671288A1919E9A200E6AFC1 /* SCAppDelegate.m */ = {isa = PBXFileReference; lastKnownFileType = sourcecode.c.objc; path = SCAppDelegate.m; sourceTree = "<group>"; };
		B671288D1919E9A200E6AFC1 /* Base */ = {isa = PBXFileReference; lastKnownFileType = file.storyboard; name = Base; path = Base.lproj/Main.storyboard; sourceTree = "<group>"; };
		B671288F1919E9A200E6AFC1 /* SCFirstViewController.h */ = {isa = PBXFileReference; lastKnownFileType = sourcecode.c.h; path = SCFirstViewController.h; sourceTree = "<group>"; };
		B67128901919E9A200E6AFC1 /* SCFirstViewController.m */ = {isa = PBXFileReference; lastKnownFileType = sourcecode.c.objc; path = SCFirstViewController.m; sourceTree = "<group>"; };
		B67128921919E9A200E6AFC1 /* SCSecondViewController.h */ = {isa = PBXFileReference; lastKnownFileType = sourcecode.c.h; path = SCSecondViewController.h; sourceTree = "<group>"; };
		B67128931919E9A200E6AFC1 /* SCSecondViewController.m */ = {isa = PBXFileReference; lastKnownFileType = sourcecode.c.objc; path = SCSecondViewController.m; sourceTree = "<group>"; };
		B67128951919E9A200E6AFC1 /* Images.xcassets */ = {isa = PBXFileReference; lastKnownFileType = folder.assetcatalog; path = Images.xcassets; sourceTree = "<group>"; };
		B671289B1919E9A200E6AFC1 /* SitCirclesTests.xctest */ = {isa = PBXFileReference; explicitFileType = wrapper.cfbundle; includeInIndex = 0; path = SitCirclesTests.xctest; sourceTree = BUILT_PRODUCTS_DIR; };
		B671289C1919E9A200E6AFC1 /* XCTest.framework */ = {isa = PBXFileReference; lastKnownFileType = wrapper.framework; name = XCTest.framework; path = Library/Frameworks/XCTest.framework; sourceTree = DEVELOPER_DIR; };
		B67128A41919E9A200E6AFC1 /* SitCirclesTests-Info.plist */ = {isa = PBXFileReference; lastKnownFileType = text.plist.xml; path = "SitCirclesTests-Info.plist"; sourceTree = "<group>"; };
		B67128A61919E9A200E6AFC1 /* en */ = {isa = PBXFileReference; lastKnownFileType = text.plist.strings; name = en; path = en.lproj/InfoPlist.strings; sourceTree = "<group>"; };
		B67128A81919E9A200E6AFC1 /* SitCirclesTests.m */ = {isa = PBXFileReference; lastKnownFileType = sourcecode.c.objc; path = SitCirclesTests.m; sourceTree = "<group>"; };
		F94BD0290E004F8B91393934 /* Pods.xcconfig */ = {isa = PBXFileReference; includeInIndex = 1; lastKnownFileType = text.xcconfig; name = Pods.xcconfig; path = Pods/Pods.xcconfig; sourceTree = "<group>"; };
/* End PBXFileReference section */

/* Begin PBXFrameworksBuildPhase section */
		B67128741919E9A200E6AFC1 /* Frameworks */ = {
			isa = PBXFrameworksBuildPhase;
			buildActionMask = 2147483647;
			files = (
				B671287D1919E9A200E6AFC1 /* CoreGraphics.framework in Frameworks */,
				B671287F1919E9A200E6AFC1 /* UIKit.framework in Frameworks */,
				B671287B1919E9A200E6AFC1 /* Foundation.framework in Frameworks */,
				CB0199430A4E4F4C9EBA57A8 /* libPods.a in Frameworks */,
			);
			runOnlyForDeploymentPostprocessing = 0;
		};
		B67128981919E9A200E6AFC1 /* Frameworks */ = {
			isa = PBXFrameworksBuildPhase;
			buildActionMask = 2147483647;
			files = (
				B671289D1919E9A200E6AFC1 /* XCTest.framework in Frameworks */,
				B671289F1919E9A200E6AFC1 /* UIKit.framework in Frameworks */,
				B671289E1919E9A200E6AFC1 /* Foundation.framework in Frameworks */,
			);
			runOnlyForDeploymentPostprocessing = 0;
		};
/* End PBXFrameworksBuildPhase section */

/* Begin PBXGroup section */
		B671286E1919E9A200E6AFC1 = {
			isa = PBXGroup;
			children = (
				B67128801919E9A200E6AFC1 /* SitCircles */,
				B67128A21919E9A200E6AFC1 /* SitCirclesTests */,
				B67128791919E9A200E6AFC1 /* Frameworks */,
				B67128781919E9A200E6AFC1 /* Products */,
				F94BD0290E004F8B91393934 /* Pods.xcconfig */,
			);
			sourceTree = "<group>";
		};
		B67128781919E9A200E6AFC1 /* Products */ = {
			isa = PBXGroup;
			children = (
				B67128771919E9A200E6AFC1 /* SitCircles.app */,
				B671289B1919E9A200E6AFC1 /* SitCirclesTests.xctest */,
			);
			name = Products;
			sourceTree = "<group>";
		};
		B67128791919E9A200E6AFC1 /* Frameworks */ = {
			isa = PBXGroup;
			children = (
				B671287A1919E9A200E6AFC1 /* Foundation.framework */,
				B671287C1919E9A200E6AFC1 /* CoreGraphics.framework */,
				B671287E1919E9A200E6AFC1 /* UIKit.framework */,
				B671289C1919E9A200E6AFC1 /* XCTest.framework */,
				46B0A998E30B455D931B0C2B /* libPods.a */,
			);
			name = Frameworks;
			sourceTree = "<group>";
		};
		B67128801919E9A200E6AFC1 /* SitCircles */ = {
			isa = PBXGroup;
			children = (
				B67128891919E9A200E6AFC1 /* SCAppDelegate.h */,
				B671288A1919E9A200E6AFC1 /* SCAppDelegate.m */,
				B671288C1919E9A200E6AFC1 /* Main.storyboard */,
				B671288F1919E9A200E6AFC1 /* SCFirstViewController.h */,
				B67128901919E9A200E6AFC1 /* SCFirstViewController.m */,
				B67128921919E9A200E6AFC1 /* SCSecondViewController.h */,
				B67128931919E9A200E6AFC1 /* SCSecondViewController.m */,
				B67128951919E9A200E6AFC1 /* Images.xcassets */,
				B67128811919E9A200E6AFC1 /* Supporting Files */,
			);
			path = SitCircles;
			sourceTree = "<group>";
		};
		B67128811919E9A200E6AFC1 /* Supporting Files */ = {
			isa = PBXGroup;
			children = (
				B67128821919E9A200E6AFC1 /* SitCircles-Info.plist */,
				B67128831919E9A200E6AFC1 /* InfoPlist.strings */,
				B67128861919E9A200E6AFC1 /* main.m */,
				B67128881919E9A200E6AFC1 /* SitCircles-Prefix.pch */,
			);
			name = "Supporting Files";
			sourceTree = "<group>";
		};
		B67128A21919E9A200E6AFC1 /* SitCirclesTests */ = {
			isa = PBXGroup;
			children = (
				B67128A81919E9A200E6AFC1 /* SitCirclesTests.m */,
				B67128A31919E9A200E6AFC1 /* Supporting Files */,
			);
			path = SitCirclesTests;
			sourceTree = "<group>";
		};
		B67128A31919E9A200E6AFC1 /* Supporting Files */ = {
			isa = PBXGroup;
			children = (
				B67128A41919E9A200E6AFC1 /* SitCirclesTests-Info.plist */,
				B67128A51919E9A200E6AFC1 /* InfoPlist.strings */,
			);
			name = "Supporting Files";
			sourceTree = "<group>";
		};
/* End PBXGroup section */

/* Begin PBXNativeTarget section */
		B67128761919E9A200E6AFC1 /* SitCircles */ = {
			isa = PBXNativeTarget;
			buildConfigurationList = B67128AC1919E9A200E6AFC1 /* Build configuration list for PBXNativeTarget "SitCircles" */;
			buildPhases = (
				B97C692DD6424740B86593D2 /* Check Pods Manifest.lock */,
				B67128731919E9A200E6AFC1 /* Sources */,
				B67128741919E9A200E6AFC1 /* Frameworks */,
				B67128751919E9A200E6AFC1 /* Resources */,
				C0834AE638924EB1BEE141ED /* Copy Pods Resources */,
			);
			buildRules = (
			);
			dependencies = (
			);
			name = SitCircles;
			productName = SitCircles;
			productReference = B67128771919E9A200E6AFC1 /* SitCircles.app */;
			productType = "com.apple.product-type.application";
		};
		B671289A1919E9A200E6AFC1 /* SitCirclesTests */ = {
			isa = PBXNativeTarget;
			buildConfigurationList = B67128AF1919E9A200E6AFC1 /* Build configuration list for PBXNativeTarget "SitCirclesTests" */;
			buildPhases = (
				B67128971919E9A200E6AFC1 /* Sources */,
				B67128981919E9A200E6AFC1 /* Frameworks */,
				B67128991919E9A200E6AFC1 /* Resources */,
			);
			buildRules = (
			);
			dependencies = (
				B67128A11919E9A200E6AFC1 /* PBXTargetDependency */,
			);
			name = SitCirclesTests;
			productName = SitCirclesTests;
			productReference = B671289B1919E9A200E6AFC1 /* SitCirclesTests.xctest */;
			productType = "com.apple.product-type.bundle.unit-test";
		};
/* End PBXNativeTarget section */

/* Begin PBXProject section */
		B671286F1919E9A200E6AFC1 /* Project object */ = {
			isa = PBXProject;
			attributes = {
				CLASSPREFIX = SC;
				LastUpgradeCheck = 0510;
				ORGANIZATIONNAME = 109Software;
				TargetAttributes = {
					B671289A1919E9A200E6AFC1 = {
						TestTargetID = B67128761919E9A200E6AFC1;
					};
				};
			};
			buildConfigurationList = B67128721919E9A200E6AFC1 /* Build configuration list for PBXProject "SitCircles" */;
			compatibilityVersion = "Xcode 3.2";
			developmentRegion = English;
			hasScannedForEncodings = 0;
			knownRegions = (
				en,
				Base,
			);
			mainGroup = B671286E1919E9A200E6AFC1;
			productRefGroup = B67128781919E9A200E6AFC1 /* Products */;
			projectDirPath = "";
			projectRoot = "";
			targets = (
				B67128761919E9A200E6AFC1 /* SitCircles */,
				B671289A1919E9A200E6AFC1 /* SitCirclesTests */,
			);
		};
/* End PBXProject section */

/* Begin PBXResourcesBuildPhase section */
		B67128751919E9A200E6AFC1 /* Resources */ = {
			isa = PBXResourcesBuildPhase;
			buildActionMask = 2147483647;
			files = (
				B67128961919E9A200E6AFC1 /* Images.xcassets in Resources */,
				B67128851919E9A200E6AFC1 /* InfoPlist.strings in Resources */,
				B671288E1919E9A200E6AFC1 /* Main.storyboard in Resources */,
			);
			runOnlyForDeploymentPostprocessing = 0;
		};
		B67128991919E9A200E6AFC1 /* Resources */ = {
			isa = PBXResourcesBuildPhase;
			buildActionMask = 2147483647;
			files = (
				B67128A71919E9A200E6AFC1 /* InfoPlist.strings in Resources */,
			);
			runOnlyForDeploymentPostprocessing = 0;
		};
/* End PBXResourcesBuildPhase section */

/* Begin PBXShellScriptBuildPhase section */
		B97C692DD6424740B86593D2 /* Check Pods Manifest.lock */ = {
			isa = PBXShellScriptBuildPhase;
			buildActionMask = 2147483647;
			files = (
			);
			inputPaths = (
			);
			name = "Check Pods Manifest.lock";
			outputPaths = (
			);
			runOnlyForDeploymentPostprocessing = 0;
			shellPath = /bin/sh;
			shellScript = "diff \"${PODS_ROOT}/../Podfile.lock\" \"${PODS_ROOT}/Manifest.lock\" > /dev/null\nif [[ $? != 0 ]] ; then\n    cat << EOM\nerror: The sandbox is not in sync with the Podfile.lock. Run 'pod install' or update your CocoaPods installation.\nEOM\n    exit 1\nfi\n";
			showEnvVarsInLog = 0;
		};
		C0834AE638924EB1BEE141ED /* Copy Pods Resources */ = {
			isa = PBXShellScriptBuildPhase;
			buildActionMask = 2147483647;
			files = (
			);
			inputPaths = (
			);
			name = "Copy Pods Resources";
			outputPaths = (
			);
			runOnlyForDeploymentPostprocessing = 0;
			shellPath = /bin/sh;
			shellScript = "\"${SRCROOT}/Pods/Pods-resources.sh\"\n";
			showEnvVarsInLog = 0;
		};
/* End PBXShellScriptBuildPhase section */

/* Begin PBXSourcesBuildPhase section */
		B67128731919E9A200E6AFC1 /* Sources */ = {
			isa = PBXSourcesBuildPhase;
			buildActionMask = 2147483647;
			files = (
				B67128941919E9A200E6AFC1 /* SCSecondViewController.m in Sources */,
				B67128911919E9A200E6AFC1 /* SCFirstViewController.m in Sources */,
				B671288B1919E9A200E6AFC1 /* SCAppDelegate.m in Sources */,
				B67128871919E9A200E6AFC1 /* main.m in Sources */,
			);
			runOnlyForDeploymentPostprocessing = 0;
		};
		B67128971919E9A200E6AFC1 /* Sources */ = {
			isa = PBXSourcesBuildPhase;
			buildActionMask = 2147483647;
			files = (
				B67128A91919E9A200E6AFC1 /* SitCirclesTests.m in Sources */,
			);
			runOnlyForDeploymentPostprocessing = 0;
		};
/* End PBXSourcesBuildPhase section */

/* Begin PBXTargetDependency section */
		B67128A11919E9A200E6AFC1 /* PBXTargetDependency */ = {
			isa = PBXTargetDependency;
			target = B67128761919E9A200E6AFC1 /* SitCircles */;
			targetProxy = B67128A01919E9A200E6AFC1 /* PBXContainerItemProxy */;
		};
/* End PBXTargetDependency section */

/* Begin PBXVariantGroup section */
		B67128831919E9A200E6AFC1 /* InfoPlist.strings */ = {
			isa = PBXVariantGroup;
			children = (
				B67128841919E9A200E6AFC1 /* en */,
			);
			name = InfoPlist.strings;
			sourceTree = "<group>";
		};
		B671288C1919E9A200E6AFC1 /* Main.storyboard */ = {
			isa = PBXVariantGroup;
			children = (
				B671288D1919E9A200E6AFC1 /* Base */,
			);
			name = Main.storyboard;
			sourceTree = "<group>";
		};
		B67128A51919E9A200E6AFC1 /* InfoPlist.strings */ = {
			isa = PBXVariantGroup;
			children = (
				B67128A61919E9A200E6AFC1 /* en */,
			);
			name = InfoPlist.strings;
			sourceTree = "<group>";
		};
/* End PBXVariantGroup section */

/* Begin XCBuildConfiguration section */
		B67128AA1919E9A200E6AFC1 /* Debug */ = {
			isa = XCBuildConfiguration;
			buildSettings = {
				ALWAYS_SEARCH_USER_PATHS = NO;
				CLANG_CXX_LANGUAGE_STANDARD = "gnu++0x";
				CLANG_CXX_LIBRARY = "libc++";
				CLANG_ENABLE_MODULES = YES;
				CLANG_ENABLE_OBJC_ARC = YES;
				CLANG_WARN_BOOL_CONVERSION = YES;
				CLANG_WARN_CONSTANT_CONVERSION = YES;
				CLANG_WARN_DIRECT_OBJC_ISA_USAGE = YES_ERROR;
				CLANG_WARN_EMPTY_BODY = YES;
				CLANG_WARN_ENUM_CONVERSION = YES;
				CLANG_WARN_INT_CONVERSION = YES;
				CLANG_WARN_OBJC_ROOT_CLASS = YES_ERROR;
				CLANG_WARN__DUPLICATE_METHOD_MATCH = YES;
				"CODE_SIGN_IDENTITY[sdk=iphoneos*]" = "iPhone Developer";
				COPY_PHASE_STRIP = NO;
				GCC_C_LANGUAGE_STANDARD = gnu99;
				GCC_DYNAMIC_NO_PIC = NO;
				GCC_OPTIMIZATION_LEVEL = 0;
				GCC_PREPROCESSOR_DEFINITIONS = (
					"DEBUG=1",
					"$(inherited)",
				);
				GCC_SYMBOLS_PRIVATE_EXTERN = NO;
				GCC_WARN_64_TO_32_BIT_CONVERSION = YES;
				GCC_WARN_ABOUT_RETURN_TYPE = YES_ERROR;
				GCC_WARN_UNDECLARED_SELECTOR = YES;
				GCC_WARN_UNINITIALIZED_AUTOS = YES_AGGRESSIVE;
				GCC_WARN_UNUSED_FUNCTION = YES;
				GCC_WARN_UNUSED_VARIABLE = YES;
				IPHONEOS_DEPLOYMENT_TARGET = 7.1;
				ONLY_ACTIVE_ARCH = YES;
				SDKROOT = iphoneos;
			};
			name = Debug;
		};
		B67128AB1919E9A200E6AFC1 /* Release */ = {
			isa = XCBuildConfiguration;
			buildSettings = {
				ALWAYS_SEARCH_USER_PATHS = NO;
				CLANG_CXX_LANGUAGE_STANDARD = "gnu++0x";
				CLANG_CXX_LIBRARY = "libc++";
				CLANG_ENABLE_MODULES = YES;
				CLANG_ENABLE_OBJC_ARC = YES;
				CLANG_WARN_BOOL_CONVERSION = YES;
				CLANG_WARN_CONSTANT_CONVERSION = YES;
				CLANG_WARN_DIRECT_OBJC_ISA_USAGE = YES_ERROR;
				CLANG_WARN_EMPTY_BODY = YES;
				CLANG_WARN_ENUM_CONVERSION = YES;
				CLANG_WARN_INT_CONVERSION = YES;
				CLANG_WARN_OBJC_ROOT_CLASS = YES_ERROR;
				CLANG_WARN__DUPLICATE_METHOD_MATCH = YES;
				"CODE_SIGN_IDENTITY[sdk=iphoneos*]" = "iPhone Developer";
				COPY_PHASE_STRIP = YES;
				ENABLE_NS_ASSERTIONS = NO;
				GCC_C_LANGUAGE_STANDARD = gnu99;
				GCC_WARN_64_TO_32_BIT_CONVERSION = YES;
				GCC_WARN_ABOUT_RETURN_TYPE = YES_ERROR;
				GCC_WARN_UNDECLARED_SELECTOR = YES;
				GCC_WARN_UNINITIALIZED_AUTOS = YES_AGGRESSIVE;
				GCC_WARN_UNUSED_FUNCTION = YES;
				GCC_WARN_UNUSED_VARIABLE = YES;
				IPHONEOS_DEPLOYMENT_TARGET = 7.1;
				SDKROOT = iphoneos;
				VALIDATE_PRODUCT = YES;
			};
			name = Release;
		};
		B67128AD1919E9A200E6AFC1 /* Debug */ = {
			isa = XCBuildConfiguration;
			baseConfigurationReference = F94BD0290E004F8B91393934 /* Pods.xcconfig */;
			buildSettings = {
				ASSETCATALOG_COMPILER_APPICON_NAME = AppIcon;
				ASSETCATALOG_COMPILER_LAUNCHIMAGE_NAME = LaunchImage;
				FRAMEWORK_SEARCH_PATHS = "$(SRCROOT)";
				GCC_PRECOMPILE_PREFIX_HEADER = YES;
				GCC_PREFIX_HEADER = "SitCircles/SitCircles-Prefix.pch";
				INFOPLIST_FILE = "SitCircles/SitCircles-Info.plist";
				PRODUCT_NAME = "$(TARGET_NAME)";
				WRAPPER_EXTENSION = app;
			};
			name = Debug;
		};
		B67128AE1919E9A200E6AFC1 /* Release */ = {
			isa = XCBuildConfiguration;
			baseConfigurationReference = F94BD0290E004F8B91393934 /* Pods.xcconfig */;
			buildSettings = {
				ASSETCATALOG_COMPILER_APPICON_NAME = AppIcon;
				ASSETCATALOG_COMPILER_LAUNCHIMAGE_NAME = LaunchImage;
				FRAMEWORK_SEARCH_PATHS = "$(SRCROOT)";
				GCC_PRECOMPILE_PREFIX_HEADER = YES;
				GCC_PREFIX_HEADER = "SitCircles/SitCircles-Prefix.pch";
				INFOPLIST_FILE = "SitCircles/SitCircles-Info.plist";
				PRODUCT_NAME = "$(TARGET_NAME)";
				WRAPPER_EXTENSION = app;
			};
			name = Release;
		};
		B67128B01919E9A200E6AFC1 /* Debug */ = {
			isa = XCBuildConfiguration;
			buildSettings = {
				BUNDLE_LOADER = "$(BUILT_PRODUCTS_DIR)/SitCircles.app/SitCircles";
				FRAMEWORK_SEARCH_PATHS = (
					"$(SDKROOT)/Developer/Library/Frameworks",
					"$(inherited)",
					"$(DEVELOPER_FRAMEWORKS_DIR)",
				);
				GCC_PRECOMPILE_PREFIX_HEADER = YES;
				GCC_PREFIX_HEADER = "SitCircles/SitCircles-Prefix.pch";
				GCC_PREPROCESSOR_DEFINITIONS = (
					"DEBUG=1",
					"$(inherited)",
				);
				INFOPLIST_FILE = "SitCirclesTests/SitCirclesTests-Info.plist";
				PRODUCT_NAME = "$(TARGET_NAME)";
				TEST_HOST = "$(BUNDLE_LOADER)";
				WRAPPER_EXTENSION = xctest;
			};
			name = Debug;
		};
		B67128B11919E9A200E6AFC1 /* Release */ = {
			isa = XCBuildConfiguration;
			buildSettings = {
				BUNDLE_LOADER = "$(BUILT_PRODUCTS_DIR)/SitCircles.app/SitCircles";
				FRAMEWORK_SEARCH_PATHS = (
					"$(SDKROOT)/Developer/Library/Frameworks",
					"$(inherited)",
					"$(DEVELOPER_FRAMEWORKS_DIR)",
				);
				GCC_PRECOMPILE_PREFIX_HEADER = YES;
				GCC_PREFIX_HEADER = "SitCircles/SitCircles-Prefix.pch";
				INFOPLIST_FILE = "SitCirclesTests/SitCirclesTests-Info.plist";
				PRODUCT_NAME = "$(TARGET_NAME)";
				TEST_HOST = "$(BUNDLE_LOADER)";
				WRAPPER_EXTENSION = xctest;
			};
			name = Release;
		};
/* End XCBuildConfiguration section */

/* Begin XCConfigurationList section */
		B67128721919E9A200E6AFC1 /* Build configuration list for PBXProject "SitCircles" */ = {
			isa = XCConfigurationList;
			buildConfigurations = (
				B67128AA1919E9A200E6AFC1 /* Debug */,
				B67128AB1919E9A200E6AFC1 /* Release */,
			);
			defaultConfigurationIsVisible = 0;
			defaultConfigurationName = Release;
		};
		B67128AC1919E9A200E6AFC1 /* Build configuration list for PBXNativeTarget "SitCircles" */ = {
			isa = XCConfigurationList;
			buildConfigurations = (
				B67128AD1919E9A200E6AFC1 /* Debug */,
				B67128AE1919E9A200E6AFC1 /* Release */,
			);
			defaultConfigurationIsVisible = 0;
			defaultConfigurationName = Release;
		};
		B67128AF1919E9A200E6AFC1 /* Build configuration list for PBXNativeTarget "SitCirclesTests" */ = {
			isa = XCConfigurationList;
			buildConfigurations = (
				B67128B01919E9A200E6AFC1 /* Debug */,
				B67128B11919E9A200E6AFC1 /* Release */,
			);
			defaultConfigurationIsVisible = 0;
			defaultConfigurationName = Release;
		};
/* End XCConfigurationList section */
	};
	rootObject = B671286F1919E9A200E6AFC1 /* Project object */;
}
