// !$*UTF8*$!
{
	archiveVersion = 1;
	classes = {
	};
	objectVersion = 46;
	objects = {

/* Begin PBXBuildFile section */
		B6114EB91957B9470076BB03 /* SCCirclesViewController.m in Sources */ = {isa = PBXBuildFile; fileRef = B6114EB81957B9470076BB03 /* SCCirclesViewController.m */; };
		B6114EBA1957B9470076BB03 /* SCCirclesViewController.m in Sources */ = {isa = PBXBuildFile; fileRef = B6114EB81957B9470076BB03 /* SCCirclesViewController.m */; };
		B6114EBD1957B9B00076BB03 /* SCCircleViewController.m in Sources */ = {isa = PBXBuildFile; fileRef = B6114EBC1957B9B00076BB03 /* SCCircleViewController.m */; };
		B6114EBE1957B9B00076BB03 /* SCCircleViewController.m in Sources */ = {isa = PBXBuildFile; fileRef = B6114EBC1957B9B00076BB03 /* SCCircleViewController.m */; };
		B6114EC11957B9D80076BB03 /* SCSitterViewController.m in Sources */ = {isa = PBXBuildFile; fileRef = B6114EC01957B9D80076BB03 /* SCSitterViewController.m */; };
		B6114EC21957B9D80076BB03 /* SCSitterViewController.m in Sources */ = {isa = PBXBuildFile; fileRef = B6114EC01957B9D80076BB03 /* SCSitterViewController.m */; };
		B6114EC51957BA110076BB03 /* SCAddressesViewController.m in Sources */ = {isa = PBXBuildFile; fileRef = B6114EC41957BA110076BB03 /* SCAddressesViewController.m */; };
		B6114EC61957BA110076BB03 /* SCAddressesViewController.m in Sources */ = {isa = PBXBuildFile; fileRef = B6114EC41957BA110076BB03 /* SCAddressesViewController.m */; };
		B6114ECD1957BEAE0076BB03 /* SCClient.m in Sources */ = {isa = PBXBuildFile; fileRef = B6114ECC1957BEAE0076BB03 /* SCClient.m */; };
		B6114ECE1957BEAE0076BB03 /* SCClient.m in Sources */ = {isa = PBXBuildFile; fileRef = B6114ECC1957BEAE0076BB03 /* SCClient.m */; };
		B616C907194E477D00FB5D68 /* SCUser.m in Sources */ = {isa = PBXBuildFile; fileRef = B616C906194E477D00FB5D68 /* SCUser.m */; };
		B616C908194E477D00FB5D68 /* SCUser.m in Sources */ = {isa = PBXBuildFile; fileRef = B616C906194E477D00FB5D68 /* SCUser.m */; };
		B616C90B194E5E7500FB5D68 /* SCHomeTableViewController.m in Sources */ = {isa = PBXBuildFile; fileRef = B616C90A194E5E7500FB5D68 /* SCHomeTableViewController.m */; };
		B616C90C194E5E7500FB5D68 /* SCHomeTableViewController.m in Sources */ = {isa = PBXBuildFile; fileRef = B616C90A194E5E7500FB5D68 /* SCHomeTableViewController.m */; };
		B616C90F194E5EE600FB5D68 /* SCTermsConditionsController.m in Sources */ = {isa = PBXBuildFile; fileRef = B616C90E194E5EE600FB5D68 /* SCTermsConditionsController.m */; };
		B616C910194E5EE600FB5D68 /* SCTermsConditionsController.m in Sources */ = {isa = PBXBuildFile; fileRef = B616C90E194E5EE600FB5D68 /* SCTermsConditionsController.m */; };
		B617BEC91983FA7A0092ECAB /* SCRootViewController.m in Sources */ = {isa = PBXBuildFile; fileRef = B617BEC81983FA7A0092ECAB /* SCRootViewController.m */; };
		B617BECA1983FA7A0092ECAB /* SCRootViewController.m in Sources */ = {isa = PBXBuildFile; fileRef = B617BEC81983FA7A0092ECAB /* SCRootViewController.m */; };
		B617BECD198400AB0092ECAB /* SCLeftMenuViewController.m in Sources */ = {isa = PBXBuildFile; fileRef = B617BECC198400AB0092ECAB /* SCLeftMenuViewController.m */; };
		B617BECE198400AB0092ECAB /* SCLeftMenuViewController.m in Sources */ = {isa = PBXBuildFile; fileRef = B617BECC198400AB0092ECAB /* SCLeftMenuViewController.m */; };
		B617BED1198403770092ECAB /* SCSettingsViewController.m in Sources */ = {isa = PBXBuildFile; fileRef = B617BED0198403770092ECAB /* SCSettingsViewController.m */; };
		B617BED2198403770092ECAB /* SCSettingsViewController.m in Sources */ = {isa = PBXBuildFile; fileRef = B617BED0198403770092ECAB /* SCSettingsViewController.m */; };
		B617BED51985435F0092ECAB /* SCSessionManager.m in Sources */ = {isa = PBXBuildFile; fileRef = B617BED41985435F0092ECAB /* SCSessionManager.m */; };
		B617BED61985435F0092ECAB /* SCSessionManager.m in Sources */ = {isa = PBXBuildFile; fileRef = B617BED41985435F0092ECAB /* SCSessionManager.m */; };
		B617BED8198548820092ECAB /* SCSessionManagerTests.m in Sources */ = {isa = PBXBuildFile; fileRef = B617BED7198548820092ECAB /* SCSessionManagerTests.m */; };
		B617BEDA19854B160092ECAB /* libPods.a in Frameworks */ = {isa = PBXBuildFile; fileRef = B617BED919854B160092ECAB /* libPods.a */; };
		B617BEE51985AAC30092ECAB /* SCUserCache.m in Sources */ = {isa = PBXBuildFile; fileRef = B617BEE41985AAC30092ECAB /* SCUserCache.m */; };
		B617BEE61985AAC30092ECAB /* SCUserCache.m in Sources */ = {isa = PBXBuildFile; fileRef = B617BEE41985AAC30092ECAB /* SCUserCache.m */; };
		B617BEE91986B89E0092ECAB /* SCCacheManager.m in Sources */ = {isa = PBXBuildFile; fileRef = B617BEE81986B89E0092ECAB /* SCCacheManager.m */; };
		B617BEEA1986B89E0092ECAB /* SCCacheManager.m in Sources */ = {isa = PBXBuildFile; fileRef = B617BEE81986B89E0092ECAB /* SCCacheManager.m */; };
		B633C5551933EC7E00B0B8F5 /* SCLoginViewController.m in Sources */ = {isa = PBXBuildFile; fileRef = B633C5541933EC7E00B0B8F5 /* SCLoginViewController.m */; };
		B65A611C197AF1E60016667D /* SCSitter.m in Sources */ = {isa = PBXBuildFile; fileRef = B65A611B197AF1E60016667D /* SCSitter.m */; };
		B65A611D197AF1E60016667D /* SCSitter.m in Sources */ = {isa = PBXBuildFile; fileRef = B65A611B197AF1E60016667D /* SCSitter.m */; };
		B65A6120197AF94E0016667D /* SCSittersHelper.m in Sources */ = {isa = PBXBuildFile; fileRef = B65A611F197AF94E0016667D /* SCSittersHelper.m */; };
		B65A6121197AF94E0016667D /* SCSittersHelper.m in Sources */ = {isa = PBXBuildFile; fileRef = B65A611F197AF94E0016667D /* SCSittersHelper.m */; };
		B6665502197C6D9800DBA4D6 /* SCSitterTableViewCell.m in Sources */ = {isa = PBXBuildFile; fileRef = B6665501197C6D9800DBA4D6 /* SCSitterTableViewCell.m */; };
		B6665503197C6D9800DBA4D6 /* SCSitterTableViewCell.m in Sources */ = {isa = PBXBuildFile; fileRef = B6665501197C6D9800DBA4D6 /* SCSitterTableViewCell.m */; };
		B671287B1919E9A200E6AFC1 /* Foundation.framework in Frameworks */ = {isa = PBXBuildFile; fileRef = B671287A1919E9A200E6AFC1 /* Foundation.framework */; };
		B671287D1919E9A200E6AFC1 /* CoreGraphics.framework in Frameworks */ = {isa = PBXBuildFile; fileRef = B671287C1919E9A200E6AFC1 /* CoreGraphics.framework */; };
		B671287F1919E9A200E6AFC1 /* UIKit.framework in Frameworks */ = {isa = PBXBuildFile; fileRef = B671287E1919E9A200E6AFC1 /* UIKit.framework */; };
		B67128851919E9A200E6AFC1 /* InfoPlist.strings in Resources */ = {isa = PBXBuildFile; fileRef = B67128831919E9A200E6AFC1 /* InfoPlist.strings */; };
		B67128871919E9A200E6AFC1 /* main.m in Sources */ = {isa = PBXBuildFile; fileRef = B67128861919E9A200E6AFC1 /* main.m */; };
		B671288B1919E9A200E6AFC1 /* SCAppDelegate.m in Sources */ = {isa = PBXBuildFile; fileRef = B671288A1919E9A200E6AFC1 /* SCAppDelegate.m */; };
		B671288E1919E9A200E6AFC1 /* Main.storyboard in Resources */ = {isa = PBXBuildFile; fileRef = B671288C1919E9A200E6AFC1 /* Main.storyboard */; };
		B67128961919E9A200E6AFC1 /* Images.xcassets in Resources */ = {isa = PBXBuildFile; fileRef = B67128951919E9A200E6AFC1 /* Images.xcassets */; };
		B671289D1919E9A200E6AFC1 /* XCTest.framework in Frameworks */ = {isa = PBXBuildFile; fileRef = B671289C1919E9A200E6AFC1 /* XCTest.framework */; };
		B671289E1919E9A200E6AFC1 /* Foundation.framework in Frameworks */ = {isa = PBXBuildFile; fileRef = B671287A1919E9A200E6AFC1 /* Foundation.framework */; };
		B671289F1919E9A200E6AFC1 /* UIKit.framework in Frameworks */ = {isa = PBXBuildFile; fileRef = B671287E1919E9A200E6AFC1 /* UIKit.framework */; };
		B67128A71919E9A200E6AFC1 /* InfoPlist.strings in Resources */ = {isa = PBXBuildFile; fileRef = B67128A51919E9A200E6AFC1 /* InfoPlist.strings */; };
		B67128A91919E9A200E6AFC1 /* SitCirclesTests.m in Sources */ = {isa = PBXBuildFile; fileRef = B67128A81919E9A200E6AFC1 /* SitCirclesTests.m */; };
		B67402E51996E5A100B135C4 /* routes.plist in Resources */ = {isa = PBXBuildFile; fileRef = B67402E41996E5A100B135C4 /* routes.plist */; };
		B67402E61996E5A100B135C4 /* routes.plist in Resources */ = {isa = PBXBuildFile; fileRef = B67402E41996E5A100B135C4 /* routes.plist */; };
		B693374E1943B90B0073E2A0 /* SCLoginHelper.m in Sources */ = {isa = PBXBuildFile; fileRef = B693374D1943B90B0073E2A0 /* SCLoginHelper.m */; };
		B693374F1943B90B0073E2A0 /* SCLoginHelper.m in Sources */ = {isa = PBXBuildFile; fileRef = B693374D1943B90B0073E2A0 /* SCLoginHelper.m */; };
		B69BDA251967B4F40025C61B /* SCCircleTableViewCell.m in Sources */ = {isa = PBXBuildFile; fileRef = B69BDA241967B4F40025C61B /* SCCircleTableViewCell.m */; };
		B69BDA261967B4F40025C61B /* SCCircleTableViewCell.m in Sources */ = {isa = PBXBuildFile; fileRef = B69BDA241967B4F40025C61B /* SCCircleTableViewCell.m */; };
		B6A53DFA1967365F006D95B9 /* SCContact.m in Sources */ = {isa = PBXBuildFile; fileRef = B6A53DF91967365F006D95B9 /* SCContact.m */; };
		B6A53DFB1967365F006D95B9 /* SCContact.m in Sources */ = {isa = PBXBuildFile; fileRef = B6A53DF91967365F006D95B9 /* SCContact.m */; };
		B6A53E05196767DD006D95B9 /* SCCircle.m in Sources */ = {isa = PBXBuildFile; fileRef = B6A53E04196767DD006D95B9 /* SCCircle.m */; };
		B6A53E06196767DD006D95B9 /* SCCircle.m in Sources */ = {isa = PBXBuildFile; fileRef = B6A53E04196767DD006D95B9 /* SCCircle.m */; };
		B6A53E091967A808006D95B9 /* SCTabBarController.m in Sources */ = {isa = PBXBuildFile; fileRef = B6A53E081967A808006D95B9 /* SCTabBarController.m */; };
		B6A53E0A1967A808006D95B9 /* SCTabBarController.m in Sources */ = {isa = PBXBuildFile; fileRef = B6A53E081967A808006D95B9 /* SCTabBarController.m */; };
		B6FD32C7195F670000534CA4 /* SCContactTableViewCell.m in Sources */ = {isa = PBXBuildFile; fileRef = B6FD32C6195F670000534CA4 /* SCContactTableViewCell.m */; };
		B6FD32C8195F670000534CA4 /* SCContactTableViewCell.m in Sources */ = {isa = PBXBuildFile; fileRef = B6FD32C6195F670000534CA4 /* SCContactTableViewCell.m */; };
		B6FD32CB19607D2800534CA4 /* SCContactsHelper.m in Sources */ = {isa = PBXBuildFile; fileRef = B6FD32CA19607D2800534CA4 /* SCContactsHelper.m */; };
		B6FD32CC19607D2800534CA4 /* SCContactsHelper.m in Sources */ = {isa = PBXBuildFile; fileRef = B6FD32CA19607D2800534CA4 /* SCContactsHelper.m */; };
		CB0199430A4E4F4C9EBA57A8 /* libPods.a in Frameworks */ = {isa = PBXBuildFile; fileRef = 46B0A998E30B455D931B0C2B /* libPods.a */; };
/* End PBXBuildFile section */

/* Begin PBXContainerItemProxy section */
		B67128A01919E9A200E6AFC1 /* PBXContainerItemProxy */ = {
			isa = PBXContainerItemProxy;
			containerPortal = B671286F1919E9A200E6AFC1 /* Project object */;
			proxyType = 1;
			remoteGlobalIDString = B67128761919E9A200E6AFC1;
			remoteInfo = SitCircles;
		};
/* End PBXContainerItemProxy section */

/* Begin PBXFileReference section */
		46B0A998E30B455D931B0C2B /* libPods.a */ = {isa = PBXFileReference; explicitFileType = archive.ar; includeInIndex = 0; path = libPods.a; sourceTree = BUILT_PRODUCTS_DIR; };
		B6114EB71957B9470076BB03 /* SCCirclesViewController.h */ = {isa = PBXFileReference; fileEncoding = 4; lastKnownFileType = sourcecode.c.h; path = SCCirclesViewController.h; sourceTree = "<group>"; };
		B6114EB81957B9470076BB03 /* SCCirclesViewController.m */ = {isa = PBXFileReference; fileEncoding = 4; lastKnownFileType = sourcecode.c.objc; path = SCCirclesViewController.m; sourceTree = "<group>"; };
		B6114EBB1957B9B00076BB03 /* SCCircleViewController.h */ = {isa = PBXFileReference; fileEncoding = 4; lastKnownFileType = sourcecode.c.h; path = SCCircleViewController.h; sourceTree = "<group>"; };
		B6114EBC1957B9B00076BB03 /* SCCircleViewController.m */ = {isa = PBXFileReference; fileEncoding = 4; lastKnownFileType = sourcecode.c.objc; path = SCCircleViewController.m; sourceTree = "<group>"; };
		B6114EBF1957B9D80076BB03 /* SCSitterViewController.h */ = {isa = PBXFileReference; fileEncoding = 4; lastKnownFileType = sourcecode.c.h; path = SCSitterViewController.h; sourceTree = "<group>"; };
		B6114EC01957B9D80076BB03 /* SCSitterViewController.m */ = {isa = PBXFileReference; fileEncoding = 4; lastKnownFileType = sourcecode.c.objc; path = SCSitterViewController.m; sourceTree = "<group>"; };
		B6114EC31957BA110076BB03 /* SCAddressesViewController.h */ = {isa = PBXFileReference; fileEncoding = 4; lastKnownFileType = sourcecode.c.h; path = SCAddressesViewController.h; sourceTree = "<group>"; };
		B6114EC41957BA110076BB03 /* SCAddressesViewController.m */ = {isa = PBXFileReference; fileEncoding = 4; lastKnownFileType = sourcecode.c.objc; path = SCAddressesViewController.m; sourceTree = "<group>"; };
		B6114ECB1957BEAE0076BB03 /* SCClient.h */ = {isa = PBXFileReference; fileEncoding = 4; lastKnownFileType = sourcecode.c.h; path = SCClient.h; sourceTree = "<group>"; };
		B6114ECC1957BEAE0076BB03 /* SCClient.m */ = {isa = PBXFileReference; fileEncoding = 4; lastKnownFileType = sourcecode.c.objc; path = SCClient.m; sourceTree = "<group>"; };
		B616C905194E477D00FB5D68 /* SCUser.h */ = {isa = PBXFileReference; fileEncoding = 4; lastKnownFileType = sourcecode.c.h; path = SCUser.h; sourceTree = "<group>"; };
		B616C906194E477D00FB5D68 /* SCUser.m */ = {isa = PBXFileReference; fileEncoding = 4; lastKnownFileType = sourcecode.c.objc; path = SCUser.m; sourceTree = "<group>"; };
		B616C909194E5E7500FB5D68 /* SCHomeTableViewController.h */ = {isa = PBXFileReference; fileEncoding = 4; lastKnownFileType = sourcecode.c.h; path = SCHomeTableViewController.h; sourceTree = "<group>"; };
		B616C90A194E5E7500FB5D68 /* SCHomeTableViewController.m */ = {isa = PBXFileReference; fileEncoding = 4; lastKnownFileType = sourcecode.c.objc; path = SCHomeTableViewController.m; sourceTree = "<group>"; };
		B616C90D194E5EE600FB5D68 /* SCTermsConditionsController.h */ = {isa = PBXFileReference; fileEncoding = 4; lastKnownFileType = sourcecode.c.h; path = SCTermsConditionsController.h; sourceTree = "<group>"; };
		B616C90E194E5EE600FB5D68 /* SCTermsConditionsController.m */ = {isa = PBXFileReference; fileEncoding = 4; lastKnownFileType = sourcecode.c.objc; path = SCTermsConditionsController.m; sourceTree = "<group>"; };
		B617BEC71983FA7A0092ECAB /* SCRootViewController.h */ = {isa = PBXFileReference; fileEncoding = 4; lastKnownFileType = sourcecode.c.h; path = SCRootViewController.h; sourceTree = "<group>"; };
		B617BEC81983FA7A0092ECAB /* SCRootViewController.m */ = {isa = PBXFileReference; fileEncoding = 4; lastKnownFileType = sourcecode.c.objc; path = SCRootViewController.m; sourceTree = "<group>"; };
		B617BECB198400AB0092ECAB /* SCLeftMenuViewController.h */ = {isa = PBXFileReference; fileEncoding = 4; lastKnownFileType = sourcecode.c.h; path = SCLeftMenuViewController.h; sourceTree = "<group>"; };
		B617BECC198400AB0092ECAB /* SCLeftMenuViewController.m */ = {isa = PBXFileReference; fileEncoding = 4; lastKnownFileType = sourcecode.c.objc; path = SCLeftMenuViewController.m; sourceTree = "<group>"; };
		B617BECF198403770092ECAB /* SCSettingsViewController.h */ = {isa = PBXFileReference; fileEncoding = 4; lastKnownFileType = sourcecode.c.h; path = SCSettingsViewController.h; sourceTree = "<group>"; };
		B617BED0198403770092ECAB /* SCSettingsViewController.m */ = {isa = PBXFileReference; fileEncoding = 4; lastKnownFileType = sourcecode.c.objc; path = SCSettingsViewController.m; sourceTree = "<group>"; };
		B617BED31985435F0092ECAB /* SCSessionManager.h */ = {isa = PBXFileReference; fileEncoding = 4; lastKnownFileType = sourcecode.c.h; path = SCSessionManager.h; sourceTree = "<group>"; };
		B617BED41985435F0092ECAB /* SCSessionManager.m */ = {isa = PBXFileReference; fileEncoding = 4; lastKnownFileType = sourcecode.c.objc; path = SCSessionManager.m; sourceTree = "<group>"; };
		B617BED7198548820092ECAB /* SCSessionManagerTests.m */ = {isa = PBXFileReference; fileEncoding = 4; lastKnownFileType = sourcecode.c.objc; path = SCSessionManagerTests.m; sourceTree = "<group>"; };
		B617BED919854B160092ECAB /* libPods.a */ = {isa = PBXFileReference; lastKnownFileType = archive.ar; name = libPods.a; path = "Pods/build/Debug-iphoneos/libPods.a"; sourceTree = "<group>"; };
		B617BEE31985AAC30092ECAB /* SCUserCache.h */ = {isa = PBXFileReference; fileEncoding = 4; lastKnownFileType = sourcecode.c.h; path = SCUserCache.h; sourceTree = "<group>"; };
		B617BEE41985AAC30092ECAB /* SCUserCache.m */ = {isa = PBXFileReference; fileEncoding = 4; lastKnownFileType = sourcecode.c.objc; path = SCUserCache.m; sourceTree = "<group>"; };
		B617BEE71986B89E0092ECAB /* SCCacheManager.h */ = {isa = PBXFileReference; fileEncoding = 4; lastKnownFileType = sourcecode.c.h; path = SCCacheManager.h; sourceTree = "<group>"; };
		B617BEE81986B89E0092ECAB /* SCCacheManager.m */ = {isa = PBXFileReference; fileEncoding = 4; lastKnownFileType = sourcecode.c.objc; path = SCCacheManager.m; sourceTree = "<group>"; };
		B633C5531933EC7E00B0B8F5 /* SCLoginViewController.h */ = {isa = PBXFileReference; fileEncoding = 4; lastKnownFileType = sourcecode.c.h; path = SCLoginViewController.h; sourceTree = "<group>"; };
		B633C5541933EC7E00B0B8F5 /* SCLoginViewController.m */ = {isa = PBXFileReference; fileEncoding = 4; lastKnownFileType = sourcecode.c.objc; path = SCLoginViewController.m; sourceTree = "<group>"; };
		B65A611A197AF1E60016667D /* SCSitter.h */ = {isa = PBXFileReference; fileEncoding = 4; lastKnownFileType = sourcecode.c.h; path = SCSitter.h; sourceTree = "<group>"; };
		B65A611B197AF1E60016667D /* SCSitter.m */ = {isa = PBXFileReference; fileEncoding = 4; lastKnownFileType = sourcecode.c.objc; path = SCSitter.m; sourceTree = "<group>"; };
		B65A611E197AF94E0016667D /* SCSittersHelper.h */ = {isa = PBXFileReference; fileEncoding = 4; lastKnownFileType = sourcecode.c.h; path = SCSittersHelper.h; sourceTree = "<group>"; };
		B65A611F197AF94E0016667D /* SCSittersHelper.m */ = {isa = PBXFileReference; fileEncoding = 4; lastKnownFileType = sourcecode.c.objc; path = SCSittersHelper.m; sourceTree = "<group>"; };
		B6665500197C6D9800DBA4D6 /* SCSitterTableViewCell.h */ = {isa = PBXFileReference; fileEncoding = 4; lastKnownFileType = sourcecode.c.h; path = SCSitterTableViewCell.h; sourceTree = "<group>"; };
		B6665501197C6D9800DBA4D6 /* SCSitterTableViewCell.m */ = {isa = PBXFileReference; fileEncoding = 4; lastKnownFileType = sourcecode.c.objc; path = SCSitterTableViewCell.m; sourceTree = "<group>"; };
		B67128771919E9A200E6AFC1 /* SitCircles.app */ = {isa = PBXFileReference; explicitFileType = wrapper.application; includeInIndex = 0; path = SitCircles.app; sourceTree = BUILT_PRODUCTS_DIR; };
		B671287A1919E9A200E6AFC1 /* Foundation.framework */ = {isa = PBXFileReference; lastKnownFileType = wrapper.framework; name = Foundation.framework; path = System/Library/Frameworks/Foundation.framework; sourceTree = SDKROOT; };
		B671287C1919E9A200E6AFC1 /* CoreGraphics.framework */ = {isa = PBXFileReference; lastKnownFileType = wrapper.framework; name = CoreGraphics.framework; path = System/Library/Frameworks/CoreGraphics.framework; sourceTree = SDKROOT; };
		B671287E1919E9A200E6AFC1 /* UIKit.framework */ = {isa = PBXFileReference; lastKnownFileType = wrapper.framework; name = UIKit.framework; path = System/Library/Frameworks/UIKit.framework; sourceTree = SDKROOT; };
		B67128821919E9A200E6AFC1 /* SitCircles-Info.plist */ = {isa = PBXFileReference; lastKnownFileType = text.plist.xml; path = "SitCircles-Info.plist"; sourceTree = "<group>"; };
		B67128841919E9A200E6AFC1 /* en */ = {isa = PBXFileReference; lastKnownFileType = text.plist.strings; name = en; path = en.lproj/InfoPlist.strings; sourceTree = "<group>"; };
		B67128861919E9A200E6AFC1 /* main.m */ = {isa = PBXFileReference; lastKnownFileType = sourcecode.c.objc; path = main.m; sourceTree = "<group>"; };
		B67128881919E9A200E6AFC1 /* SitCircles-Prefix.pch */ = {isa = PBXFileReference; lastKnownFileType = sourcecode.c.h; path = "SitCircles-Prefix.pch"; sourceTree = "<group>"; };
		B67128891919E9A200E6AFC1 /* SCAppDelegate.h */ = {isa = PBXFileReference; lastKnownFileType = sourcecode.c.h; path = SCAppDelegate.h; sourceTree = "<group>"; };
		B671288A1919E9A200E6AFC1 /* SCAppDelegate.m */ = {isa = PBXFileReference; lastKnownFileType = sourcecode.c.objc; path = SCAppDelegate.m; sourceTree = "<group>"; };
		B671288D1919E9A200E6AFC1 /* Base */ = {isa = PBXFileReference; lastKnownFileType = file.storyboard; name = Base; path = Base.lproj/Main.storyboard; sourceTree = "<group>"; };
		B67128951919E9A200E6AFC1 /* Images.xcassets */ = {isa = PBXFileReference; lastKnownFileType = folder.assetcatalog; path = Images.xcassets; sourceTree = "<group>"; };
		B671289B1919E9A200E6AFC1 /* SitCirclesTests.xctest */ = {isa = PBXFileReference; explicitFileType = wrapper.cfbundle; includeInIndex = 0; path = SitCirclesTests.xctest; sourceTree = BUILT_PRODUCTS_DIR; };
		B671289C1919E9A200E6AFC1 /* XCTest.framework */ = {isa = PBXFileReference; lastKnownFileType = wrapper.framework; name = XCTest.framework; path = Library/Frameworks/XCTest.framework; sourceTree = DEVELOPER_DIR; };
		B67128A41919E9A200E6AFC1 /* SitCirclesTests-Info.plist */ = {isa = PBXFileReference; lastKnownFileType = text.plist.xml; path = "SitCirclesTests-Info.plist"; sourceTree = "<group>"; };
		B67128A61919E9A200E6AFC1 /* en */ = {isa = PBXFileReference; lastKnownFileType = text.plist.strings; name = en; path = en.lproj/InfoPlist.strings; sourceTree = "<group>"; };
		B67128A81919E9A200E6AFC1 /* SitCirclesTests.m */ = {isa = PBXFileReference; lastKnownFileType = sourcecode.c.objc; path = SitCirclesTests.m; sourceTree = "<group>"; };
		B67402E41996E5A100B135C4 /* routes.plist */ = {isa = PBXFileReference; fileEncoding = 4; lastKnownFileType = text.plist.xml; path = routes.plist; sourceTree = "<group>"; };
		B67402E71997160F00B135C4 /* SCConstants.h */ = {isa = PBXFileReference; fileEncoding = 4; lastKnownFileType = sourcecode.c.h; path = SCConstants.h; sourceTree = "<group>"; };
		B693374C1943B90B0073E2A0 /* SCLoginHelper.h */ = {isa = PBXFileReference; fileEncoding = 4; lastKnownFileType = sourcecode.c.h; path = SCLoginHelper.h; sourceTree = "<group>"; };
		B693374D1943B90B0073E2A0 /* SCLoginHelper.m */ = {isa = PBXFileReference; fileEncoding = 4; lastKnownFileType = sourcecode.c.objc; path = SCLoginHelper.m; sourceTree = "<group>"; };
		B69BDA231967B4F40025C61B /* SCCircleTableViewCell.h */ = {isa = PBXFileReference; fileEncoding = 4; lastKnownFileType = sourcecode.c.h; path = SCCircleTableViewCell.h; sourceTree = "<group>"; };
		B69BDA241967B4F40025C61B /* SCCircleTableViewCell.m */ = {isa = PBXFileReference; fileEncoding = 4; lastKnownFileType = sourcecode.c.objc; path = SCCircleTableViewCell.m; sourceTree = "<group>"; };
		B6A53DF81967365F006D95B9 /* SCContact.h */ = {isa = PBXFileReference; fileEncoding = 4; lastKnownFileType = sourcecode.c.h; path = SCContact.h; sourceTree = "<group>"; };
		B6A53DF91967365F006D95B9 /* SCContact.m */ = {isa = PBXFileReference; fileEncoding = 4; lastKnownFileType = sourcecode.c.objc; path = SCContact.m; sourceTree = "<group>"; };
		B6A53E0019675EA5006D95B9 /* SCCircles.h */ = {isa = PBXFileReference; fileEncoding = 4; lastKnownFileType = sourcecode.c.h; path = SCCircles.h; sourceTree = "<group>"; };
		B6A53E0219675F0A006D95B9 /* SCSitters.h */ = {isa = PBXFileReference; fileEncoding = 4; lastKnownFileType = sourcecode.c.h; path = SCSitters.h; sourceTree = "<group>"; };
		B6A53E03196767DD006D95B9 /* SCCircle.h */ = {isa = PBXFileReference; fileEncoding = 4; lastKnownFileType = sourcecode.c.h; path = SCCircle.h; sourceTree = "<group>"; };
		B6A53E04196767DD006D95B9 /* SCCircle.m */ = {isa = PBXFileReference; fileEncoding = 4; lastKnownFileType = sourcecode.c.objc; path = SCCircle.m; sourceTree = "<group>"; };
		B6A53E071967A808006D95B9 /* SCTabBarController.h */ = {isa = PBXFileReference; fileEncoding = 4; lastKnownFileType = sourcecode.c.h; path = SCTabBarController.h; sourceTree = "<group>"; };
		B6A53E081967A808006D95B9 /* SCTabBarController.m */ = {isa = PBXFileReference; fileEncoding = 4; lastKnownFileType = sourcecode.c.objc; path = SCTabBarController.m; sourceTree = "<group>"; };
		B6FD32C5195F670000534CA4 /* SCContactTableViewCell.h */ = {isa = PBXFileReference; fileEncoding = 4; lastKnownFileType = sourcecode.c.h; path = SCContactTableViewCell.h; sourceTree = "<group>"; };
		B6FD32C6195F670000534CA4 /* SCContactTableViewCell.m */ = {isa = PBXFileReference; fileEncoding = 4; lastKnownFileType = sourcecode.c.objc; path = SCContactTableViewCell.m; sourceTree = "<group>"; };
		B6FD32C919607D2800534CA4 /* SCContactsHelper.h */ = {isa = PBXFileReference; fileEncoding = 4; lastKnownFileType = sourcecode.c.h; path = SCContactsHelper.h; sourceTree = "<group>"; };
		B6FD32CA19607D2800534CA4 /* SCContactsHelper.m */ = {isa = PBXFileReference; fileEncoding = 4; lastKnownFileType = sourcecode.c.objc; path = SCContactsHelper.m; sourceTree = "<group>"; };
		F94BD0290E004F8B91393934 /* Pods.xcconfig */ = {isa = PBXFileReference; includeInIndex = 1; lastKnownFileType = text.xcconfig; name = Pods.xcconfig; path = Pods/Pods.xcconfig; sourceTree = "<group>"; };
/* End PBXFileReference section */

/* Begin PBXFrameworksBuildPhase section */
		B67128741919E9A200E6AFC1 /* Frameworks */ = {
			isa = PBXFrameworksBuildPhase;
			buildActionMask = 2147483647;
			files = (
				B671287D1919E9A200E6AFC1 /* CoreGraphics.framework in Frameworks */,
				B671287F1919E9A200E6AFC1 /* UIKit.framework in Frameworks */,
				B671287B1919E9A200E6AFC1 /* Foundation.framework in Frameworks */,
				CB0199430A4E4F4C9EBA57A8 /* libPods.a in Frameworks */,
			);
			runOnlyForDeploymentPostprocessing = 0;
		};
		B67128981919E9A200E6AFC1 /* Frameworks */ = {
			isa = PBXFrameworksBuildPhase;
			buildActionMask = 2147483647;
			files = (
				B617BEDA19854B160092ECAB /* libPods.a in Frameworks */,
				B671289D1919E9A200E6AFC1 /* XCTest.framework in Frameworks */,
				B671289F1919E9A200E6AFC1 /* UIKit.framework in Frameworks */,
				B671289E1919E9A200E6AFC1 /* Foundation.framework in Frameworks */,
			);
			runOnlyForDeploymentPostprocessing = 0;
		};
/* End PBXFrameworksBuildPhase section */

/* Begin PBXGroup section */
		B6114EAD19579DD80076BB03 /* Controllers */ = {
			isa = PBXGroup;
			children = (
				B617BEC71983FA7A0092ECAB /* SCRootViewController.h */,
				B617BEC81983FA7A0092ECAB /* SCRootViewController.m */,
				B617BECB198400AB0092ECAB /* SCLeftMenuViewController.h */,
				B617BECC198400AB0092ECAB /* SCLeftMenuViewController.m */,
				B633C5531933EC7E00B0B8F5 /* SCLoginViewController.h */,
				B633C5541933EC7E00B0B8F5 /* SCLoginViewController.m */,
				B616C909194E5E7500FB5D68 /* SCHomeTableViewController.h */,
				B616C90A194E5E7500FB5D68 /* SCHomeTableViewController.m */,
				B616C90D194E5EE600FB5D68 /* SCTermsConditionsController.h */,
				B616C90E194E5EE600FB5D68 /* SCTermsConditionsController.m */,
				B6114EB71957B9470076BB03 /* SCCirclesViewController.h */,
				B6114EB81957B9470076BB03 /* SCCirclesViewController.m */,
				B6114EBB1957B9B00076BB03 /* SCCircleViewController.h */,
				B6114EBC1957B9B00076BB03 /* SCCircleViewController.m */,
				B6114EBF1957B9D80076BB03 /* SCSitterViewController.h */,
				B6114EC01957B9D80076BB03 /* SCSitterViewController.m */,
				B6114EC31957BA110076BB03 /* SCAddressesViewController.h */,
				B6114EC41957BA110076BB03 /* SCAddressesViewController.m */,
				B6A53E071967A808006D95B9 /* SCTabBarController.h */,
				B6A53E081967A808006D95B9 /* SCTabBarController.m */,
				B617BECF198403770092ECAB /* SCSettingsViewController.h */,
				B617BED0198403770092ECAB /* SCSettingsViewController.m */,
			);
			name = Controllers;
			sourceTree = "<group>";
		};
		B6114EAE19579DF70076BB03 /* Views */ = {
			isa = PBXGroup;
			children = (
				B671288C1919E9A200E6AFC1 /* Main.storyboard */,
				B6FD32C5195F670000534CA4 /* SCContactTableViewCell.h */,
				B6FD32C6195F670000534CA4 /* SCContactTableViewCell.m */,
				B69BDA231967B4F40025C61B /* SCCircleTableViewCell.h */,
				B69BDA241967B4F40025C61B /* SCCircleTableViewCell.m */,
				B6665500197C6D9800DBA4D6 /* SCSitterTableViewCell.h */,
				B6665501197C6D9800DBA4D6 /* SCSitterTableViewCell.m */,
			);
			name = Views;
			sourceTree = "<group>";
		};
		B616C911194FE60400FB5D68 /* Helpers */ = {
			isa = PBXGroup;
			children = (
				B693374C1943B90B0073E2A0 /* SCLoginHelper.h */,
				B693374D1943B90B0073E2A0 /* SCLoginHelper.m */,
				B6FD32C919607D2800534CA4 /* SCContactsHelper.h */,
				B6FD32CA19607D2800534CA4 /* SCContactsHelper.m */,
				B65A611E197AF94E0016667D /* SCSittersHelper.h */,
				B65A611F197AF94E0016667D /* SCSittersHelper.m */,
				B67128891919E9A200E6AFC1 /* SCAppDelegate.h */,
				B671288A1919E9A200E6AFC1 /* SCAppDelegate.m */,
				B6114ECB1957BEAE0076BB03 /* SCClient.h */,
				B6114ECC1957BEAE0076BB03 /* SCClient.m */,
				B67402E71997160F00B135C4 /* SCConstants.h */,
			);
			name = Helpers;
			sourceTree = "<group>";
		};
		B633C5561933EEFF00B0B8F5 /* Models */ = {
			isa = PBXGroup;
			children = (
				B616C905194E477D00FB5D68 /* SCUser.h */,
				B616C906194E477D00FB5D68 /* SCUser.m */,
				B6A53DF81967365F006D95B9 /* SCContact.h */,
				B6A53DF91967365F006D95B9 /* SCContact.m */,
				B6A53E03196767DD006D95B9 /* SCCircle.h */,
				B6A53E04196767DD006D95B9 /* SCCircle.m */,
				B65A611A197AF1E60016667D /* SCSitter.h */,
				B65A611B197AF1E60016667D /* SCSitter.m */,
				B617BED31985435F0092ECAB /* SCSessionManager.h */,
				B617BED41985435F0092ECAB /* SCSessionManager.m */,
				B617BEE31985AAC30092ECAB /* SCUserCache.h */,
				B617BEE41985AAC30092ECAB /* SCUserCache.m */,
				B617BEE71986B89E0092ECAB /* SCCacheManager.h */,
				B617BEE81986B89E0092ECAB /* SCCacheManager.m */,
			);
			name = Models;
			sourceTree = "<group>";
		};
		B65A6122197B50070016667D /* Categories */ = {
			isa = PBXGroup;
			children = (
			);
			name = Categories;
			sourceTree = "<group>";
		};
		B671286E1919E9A200E6AFC1 = {
			isa = PBXGroup;
			children = (
				B67128801919E9A200E6AFC1 /* SitCircles */,
				B67128A21919E9A200E6AFC1 /* SitCirclesTests */,
				B67128791919E9A200E6AFC1 /* Frameworks */,
				B67128781919E9A200E6AFC1 /* Products */,
				F94BD0290E004F8B91393934 /* Pods.xcconfig */,
			);
			sourceTree = "<group>";
		};
		B67128781919E9A200E6AFC1 /* Products */ = {
			isa = PBXGroup;
			children = (
				B67128771919E9A200E6AFC1 /* SitCircles.app */,
				B671289B1919E9A200E6AFC1 /* SitCirclesTests.xctest */,
			);
			name = Products;
			sourceTree = "<group>";
		};
		B67128791919E9A200E6AFC1 /* Frameworks */ = {
			isa = PBXGroup;
			children = (
				B617BED919854B160092ECAB /* libPods.a */,
				B671287A1919E9A200E6AFC1 /* Foundation.framework */,
				B671287C1919E9A200E6AFC1 /* CoreGraphics.framework */,
				B671287E1919E9A200E6AFC1 /* UIKit.framework */,
				B671289C1919E9A200E6AFC1 /* XCTest.framework */,
				46B0A998E30B455D931B0C2B /* libPods.a */,
			);
			name = Frameworks;
			sourceTree = "<group>";
		};
		B67128801919E9A200E6AFC1 /* SitCircles */ = {
			isa = PBXGroup;
			children = (
				B65A6122197B50070016667D /* Categories */,
				B6A53E0119675EAE006D95B9 /* Protocols */,
				B6114EAE19579DF70076BB03 /* Views */,
				B6114EAD19579DD80076BB03 /* Controllers */,
				B616C911194FE60400FB5D68 /* Helpers */,
				B633C5561933EEFF00B0B8F5 /* Models */,
				B67128951919E9A200E6AFC1 /* Images.xcassets */,
				B67128811919E9A200E6AFC1 /* Supporting Files */,
			);
			path = SitCircles;
			sourceTree = "<group>";
		};
		B67128811919E9A200E6AFC1 /* Supporting Files */ = {
			isa = PBXGroup;
			children = (
				B67128821919E9A200E6AFC1 /* SitCircles-Info.plist */,
				B67128831919E9A200E6AFC1 /* InfoPlist.strings */,
				B67128861919E9A200E6AFC1 /* main.m */,
				B67128881919E9A200E6AFC1 /* SitCircles-Prefix.pch */,
				B67402E41996E5A100B135C4 /* routes.plist */,
			);
			name = "Supporting Files";
			sourceTree = "<group>";
		};
		B67128A21919E9A200E6AFC1 /* SitCirclesTests */ = {
			isa = PBXGroup;
			children = (
				B67128A81919E9A200E6AFC1 /* SitCirclesTests.m */,
				B617BED7198548820092ECAB /* SCSessionManagerTests.m */,
				B67128A31919E9A200E6AFC1 /* Supporting Files */,
			);
			path = SitCirclesTests;
			sourceTree = "<group>";
		};
		B67128A31919E9A200E6AFC1 /* Supporting Files */ = {
			isa = PBXGroup;
			children = (
				B67128A41919E9A200E6AFC1 /* SitCirclesTests-Info.plist */,
				B67128A51919E9A200E6AFC1 /* InfoPlist.strings */,
			);
			name = "Supporting Files";
			sourceTree = "<group>";
		};
		B6A53E0119675EAE006D95B9 /* Protocols */ = {
			isa = PBXGroup;
			children = (
				B6A53E0019675EA5006D95B9 /* SCCircles.h */,
				B6A53E0219675F0A006D95B9 /* SCSitters.h */,
			);
			name = Protocols;
			sourceTree = "<group>";
		};
/* End PBXGroup section */

/* Begin PBXNativeTarget section */
		B67128761919E9A200E6AFC1 /* SitCircles */ = {
			isa = PBXNativeTarget;
			buildConfigurationList = B67128AC1919E9A200E6AFC1 /* Build configuration list for PBXNativeTarget "SitCircles" */;
			buildPhases = (
				B97C692DD6424740B86593D2 /* Check Pods Manifest.lock */,
				B67128731919E9A200E6AFC1 /* Sources */,
				B67128741919E9A200E6AFC1 /* Frameworks */,
				B67128751919E9A200E6AFC1 /* Resources */,
				C0834AE638924EB1BEE141ED /* Copy Pods Resources */,
			);
			buildRules = (
			);
			dependencies = (
			);
			name = SitCircles;
			productName = SitCircles;
			productReference = B67128771919E9A200E6AFC1 /* SitCircles.app */;
			productType = "com.apple.product-type.application";
		};
		B671289A1919E9A200E6AFC1 /* SitCirclesTests */ = {
			isa = PBXNativeTarget;
			buildConfigurationList = B67128AF1919E9A200E6AFC1 /* Build configuration list for PBXNativeTarget "SitCirclesTests" */;
			buildPhases = (
				B67128971919E9A200E6AFC1 /* Sources */,
				B67128981919E9A200E6AFC1 /* Frameworks */,
				B67128991919E9A200E6AFC1 /* Resources */,
			);
			buildRules = (
			);
			dependencies = (
				B67128A11919E9A200E6AFC1 /* PBXTargetDependency */,
			);
			name = SitCirclesTests;
			productName = SitCirclesTests;
			productReference = B671289B1919E9A200E6AFC1 /* SitCirclesTests.xctest */;
			productType = "com.apple.product-type.bundle.unit-test";
		};
/* End PBXNativeTarget section */

/* Begin PBXProject section */
		B671286F1919E9A200E6AFC1 /* Project object */ = {
			isa = PBXProject;
			attributes = {
				CLASSPREFIX = SC;
				LastUpgradeCheck = 0510;
				ORGANIZATIONNAME = 109Software;
				TargetAttributes = {
					B671289A1919E9A200E6AFC1 = {
						TestTargetID = B67128761919E9A200E6AFC1;
					};
				};
			};
			buildConfigurationList = B67128721919E9A200E6AFC1 /* Build configuration list for PBXProject "SitCircles" */;
			compatibilityVersion = "Xcode 3.2";
			developmentRegion = English;
			hasScannedForEncodings = 0;
			knownRegions = (
				en,
				Base,
			);
			mainGroup = B671286E1919E9A200E6AFC1;
			productRefGroup = B67128781919E9A200E6AFC1 /* Products */;
			projectDirPath = "";
			projectRoot = "";
			targets = (
				B67128761919E9A200E6AFC1 /* SitCircles */,
				B671289A1919E9A200E6AFC1 /* SitCirclesTests */,
			);
		};
/* End PBXProject section */

/* Begin PBXResourcesBuildPhase section */
		B67128751919E9A200E6AFC1 /* Resources */ = {
			isa = PBXResourcesBuildPhase;
			buildActionMask = 2147483647;
			files = (
				B67402E51996E5A100B135C4 /* routes.plist in Resources */,
				B67128961919E9A200E6AFC1 /* Images.xcassets in Resources */,
				B67128851919E9A200E6AFC1 /* InfoPlist.strings in Resources */,
				B671288E1919E9A200E6AFC1 /* Main.storyboard in Resources */,
			);
			runOnlyForDeploymentPostprocessing = 0;
		};
		B67128991919E9A200E6AFC1 /* Resources */ = {
			isa = PBXResourcesBuildPhase;
			buildActionMask = 2147483647;
			files = (
				B67402E61996E5A100B135C4 /* routes.plist in Resources */,
				B67128A71919E9A200E6AFC1 /* InfoPlist.strings in Resources */,
			);
			runOnlyForDeploymentPostprocessing = 0;
		};
/* End PBXResourcesBuildPhase section */

/* Begin PBXShellScriptBuildPhase section */
		B97C692DD6424740B86593D2 /* Check Pods Manifest.lock */ = {
			isa = PBXShellScriptBuildPhase;
			buildActionMask = 2147483647;
			files = (
			);
			inputPaths = (
			);
			name = "Check Pods Manifest.lock";
			outputPaths = (
			);
			runOnlyForDeploymentPostprocessing = 0;
			shellPath = /bin/sh;
			shellScript = "diff \"${PODS_ROOT}/../Podfile.lock\" \"${PODS_ROOT}/Manifest.lock\" > /dev/null\nif [[ $? != 0 ]] ; then\n    cat << EOM\nerror: The sandbox is not in sync with the Podfile.lock. Run 'pod install' or update your CocoaPods installation.\nEOM\n    exit 1\nfi\n";
			showEnvVarsInLog = 0;
		};
		C0834AE638924EB1BEE141ED /* Copy Pods Resources */ = {
			isa = PBXShellScriptBuildPhase;
			buildActionMask = 2147483647;
			files = (
			);
			inputPaths = (
			);
			name = "Copy Pods Resources";
			outputPaths = (
			);
			runOnlyForDeploymentPostprocessing = 0;
			shellPath = /bin/sh;
			shellScript = "\"${SRCROOT}/Pods/Pods-resources.sh\"\n";
			showEnvVarsInLog = 0;
		};
/* End PBXShellScriptBuildPhase section */

/* Begin PBXSourcesBuildPhase section */
		B67128731919E9A200E6AFC1 /* Sources */ = {
			isa = PBXSourcesBuildPhase;
			buildActionMask = 2147483647;
			files = (
				B617BEC91983FA7A0092ECAB /* SCRootViewController.m in Sources */,
				B617BEE51985AAC30092ECAB /* SCUserCache.m in Sources */,
				B6114EBD1957B9B00076BB03 /* SCCircleViewController.m in Sources */,
				B6A53E091967A808006D95B9 /* SCTabBarController.m in Sources */,
				B671288B1919E9A200E6AFC1 /* SCAppDelegate.m in Sources */,
				B616C90F194E5EE600FB5D68 /* SCTermsConditionsController.m in Sources */,
				B617BED1198403770092ECAB /* SCSettingsViewController.m in Sources */,
				B6A53E05196767DD006D95B9 /* SCCircle.m in Sources */,
				B617BEE91986B89E0092ECAB /* SCCacheManager.m in Sources */,
				B693374E1943B90B0073E2A0 /* SCLoginHelper.m in Sources */,
				B6665502197C6D9800DBA4D6 /* SCSitterTableViewCell.m in Sources */,
				B616C90B194E5E7500FB5D68 /* SCHomeTableViewController.m in Sources */,
				B616C907194E477D00FB5D68 /* SCUser.m in Sources */,
				B633C5551933EC7E00B0B8F5 /* SCLoginViewController.m in Sources */,
				B6114ECD1957BEAE0076BB03 /* SCClient.m in Sources */,
				B65A611C197AF1E60016667D /* SCSitter.m in Sources */,
				B6A53DFA1967365F006D95B9 /* SCContact.m in Sources */,
				B617BED51985435F0092ECAB /* SCSessionManager.m in Sources */,
				B65A6120197AF94E0016667D /* SCSittersHelper.m in Sources */,
				B6114EC11957B9D80076BB03 /* SCSitterViewController.m in Sources */,
				B69BDA251967B4F40025C61B /* SCCircleTableViewCell.m in Sources */,
				B617BECD198400AB0092ECAB /* SCLeftMenuViewController.m in Sources */,
				B6FD32C7195F670000534CA4 /* SCContactTableViewCell.m in Sources */,
				B6FD32CB19607D2800534CA4 /* SCContactsHelper.m in Sources */,
				B6114EC51957BA110076BB03 /* SCAddressesViewController.m in Sources */,
				B6114EB91957B9470076BB03 /* SCCirclesViewController.m in Sources */,
				B67128871919E9A200E6AFC1 /* main.m in Sources */,
			);
			runOnlyForDeploymentPostprocessing = 0;
		};
		B67128971919E9A200E6AFC1 /* Sources */ = {
			isa = PBXSourcesBuildPhase;
			buildActionMask = 2147483647;
			files = (
				B6A53DFB1967365F006D95B9 /* SCContact.m in Sources */,
				B616C90C194E5E7500FB5D68 /* SCHomeTableViewController.m in Sources */,
				B617BED61985435F0092ECAB /* SCSessionManager.m in Sources */,
				B617BEE61985AAC30092ECAB /* SCUserCache.m in Sources */,
				B616C910194E5EE600FB5D68 /* SCTermsConditionsController.m in Sources */,
				B6114EBE1957B9B00076BB03 /* SCCircleViewController.m in Sources */,
				B6FD32C8195F670000534CA4 /* SCContactTableViewCell.m in Sources */,
				B6A53E0A1967A808006D95B9 /* SCTabBarController.m in Sources */,
				B65A6121197AF94E0016667D /* SCSittersHelper.m in Sources */,
				B65A611D197AF1E60016667D /* SCSitter.m in Sources */,
				B6114EC21957B9D80076BB03 /* SCSitterViewController.m in Sources */,
				B6A53E06196767DD006D95B9 /* SCCircle.m in Sources */,
				B6665503197C6D9800DBA4D6 /* SCSitterTableViewCell.m in Sources */,
				B6114EC61957BA110076BB03 /* SCAddressesViewController.m in Sources */,
				B617BED2198403770092ECAB /* SCSettingsViewController.m in Sources */,
				B617BECE198400AB0092ECAB /* SCLeftMenuViewController.m in Sources */,
				B617BEEA1986B89E0092ECAB /* SCCacheManager.m in Sources */,
				B67128A91919E9A200E6AFC1 /* SitCirclesTests.m in Sources */,
				B6FD32CC19607D2800534CA4 /* SCContactsHelper.m in Sources */,
				B69BDA261967B4F40025C61B /* SCCircleTableViewCell.m in Sources */,
				B617BED8198548820092ECAB /* SCSessionManagerTests.m in Sources */,
				B616C908194E477D00FB5D68 /* SCUser.m in Sources */,
				B6114EBA1957B9470076BB03 /* SCCirclesViewController.m in Sources */,
				B6114ECE1957BEAE0076BB03 /* SCClient.m in Sources */,
				B617BECA1983FA7A0092ECAB /* SCRootViewController.m in Sources */,
				B693374F1943B90B0073E2A0 /* SCLoginHelper.m in Sources */,
			);
			runOnlyForDeploymentPostprocessing = 0;
		};
/* End PBXSourcesBuildPhase section */

/* Begin PBXTargetDependency section */
		B67128A11919E9A200E6AFC1 /* PBXTargetDependency */ = {
			isa = PBXTargetDependency;
			target = B67128761919E9A200E6AFC1 /* SitCircles */;
			targetProxy = B67128A01919E9A200E6AFC1 /* PBXContainerItemProxy */;
		};
/* End PBXTargetDependency section */

/* Begin PBXVariantGroup section */
		B67128831919E9A200E6AFC1 /* InfoPlist.strings */ = {
			isa = PBXVariantGroup;
			children = (
				B67128841919E9A200E6AFC1 /* en */,
			);
			name = InfoPlist.strings;
			sourceTree = "<group>";
		};
		B671288C1919E9A200E6AFC1 /* Main.storyboard */ = {
			isa = PBXVariantGroup;
			children = (
				B671288D1919E9A200E6AFC1 /* Base */,
			);
			name = Main.storyboard;
			sourceTree = "<group>";
		};
		B67128A51919E9A200E6AFC1 /* InfoPlist.strings */ = {
			isa = PBXVariantGroup;
			children = (
				B67128A61919E9A200E6AFC1 /* en */,
			);
			name = InfoPlist.strings;
			sourceTree = "<group>";
		};
/* End PBXVariantGroup section */

/* Begin XCBuildConfiguration section */
		B67128AA1919E9A200E6AFC1 /* Debug */ = {
			isa = XCBuildConfiguration;
			buildSettings = {
				ALWAYS_SEARCH_USER_PATHS = NO;
				CLANG_CXX_LANGUAGE_STANDARD = "gnu++0x";
				CLANG_CXX_LIBRARY = "libc++";
				CLANG_ENABLE_MODULES = YES;
				CLANG_ENABLE_OBJC_ARC = YES;
				CLANG_WARN_BOOL_CONVERSION = YES;
				CLANG_WARN_CONSTANT_CONVERSION = YES;
				CLANG_WARN_DIRECT_OBJC_ISA_USAGE = YES_ERROR;
				CLANG_WARN_EMPTY_BODY = YES;
				CLANG_WARN_ENUM_CONVERSION = YES;
				CLANG_WARN_INT_CONVERSION = YES;
				CLANG_WARN_OBJC_ROOT_CLASS = YES_ERROR;
				CLANG_WARN__DUPLICATE_METHOD_MATCH = YES;
				"CODE_SIGN_IDENTITY[sdk=iphoneos*]" = "iPhone Developer";
				COPY_PHASE_STRIP = NO;
				GCC_C_LANGUAGE_STANDARD = gnu99;
				GCC_DYNAMIC_NO_PIC = NO;
				GCC_OPTIMIZATION_LEVEL = 0;
				GCC_PREPROCESSOR_DEFINITIONS = (
					"DEBUG=1",
					"$(inherited)",
				);
				GCC_SYMBOLS_PRIVATE_EXTERN = NO;
				GCC_WARN_64_TO_32_BIT_CONVERSION = YES;
				GCC_WARN_ABOUT_RETURN_TYPE = YES_ERROR;
				GCC_WARN_UNDECLARED_SELECTOR = YES;
				GCC_WARN_UNINITIALIZED_AUTOS = YES_AGGRESSIVE;
				GCC_WARN_UNUSED_FUNCTION = YES;
				GCC_WARN_UNUSED_VARIABLE = YES;
				IPHONEOS_DEPLOYMENT_TARGET = 7.1;
				ONLY_ACTIVE_ARCH = YES;
				SDKROOT = iphoneos;
			};
			name = Debug;
		};
		B67128AB1919E9A200E6AFC1 /* Release */ = {
			isa = XCBuildConfiguration;
			buildSettings = {
				ALWAYS_SEARCH_USER_PATHS = NO;
				CLANG_CXX_LANGUAGE_STANDARD = "gnu++0x";
				CLANG_CXX_LIBRARY = "libc++";
				CLANG_ENABLE_MODULES = YES;
				CLANG_ENABLE_OBJC_ARC = YES;
				CLANG_WARN_BOOL_CONVERSION = YES;
				CLANG_WARN_CONSTANT_CONVERSION = YES;
				CLANG_WARN_DIRECT_OBJC_ISA_USAGE = YES_ERROR;
				CLANG_WARN_EMPTY_BODY = YES;
				CLANG_WARN_ENUM_CONVERSION = YES;
				CLANG_WARN_INT_CONVERSION = YES;
				CLANG_WARN_OBJC_ROOT_CLASS = YES_ERROR;
				CLANG_WARN__DUPLICATE_METHOD_MATCH = YES;
				"CODE_SIGN_IDENTITY[sdk=iphoneos*]" = "iPhone Developer";
				COPY_PHASE_STRIP = YES;
				ENABLE_NS_ASSERTIONS = NO;
				GCC_C_LANGUAGE_STANDARD = gnu99;
				GCC_WARN_64_TO_32_BIT_CONVERSION = YES;
				GCC_WARN_ABOUT_RETURN_TYPE = YES_ERROR;
				GCC_WARN_UNDECLARED_SELECTOR = YES;
				GCC_WARN_UNINITIALIZED_AUTOS = YES_AGGRESSIVE;
				GCC_WARN_UNUSED_FUNCTION = YES;
				GCC_WARN_UNUSED_VARIABLE = YES;
				IPHONEOS_DEPLOYMENT_TARGET = 7.1;
				SDKROOT = iphoneos;
				VALIDATE_PRODUCT = YES;
			};
			name = Release;
		};
		B67128AD1919E9A200E6AFC1 /* Debug */ = {
			isa = XCBuildConfiguration;
			baseConfigurationReference = F94BD0290E004F8B91393934 /* Pods.xcconfig */;
			buildSettings = {
				ASSETCATALOG_COMPILER_APPICON_NAME = AppIcon;
				ASSETCATALOG_COMPILER_LAUNCHIMAGE_NAME = LaunchImage;
				FRAMEWORK_SEARCH_PATHS = "$(SRCROOT)";
				GCC_PRECOMPILE_PREFIX_HEADER = YES;
				GCC_PREFIX_HEADER = "SitCircles/SitCircles-Prefix.pch";
				INFOPLIST_FILE = "SitCircles/SitCircles-Info.plist";
				PRODUCT_NAME = "$(TARGET_NAME)";
				WRAPPER_EXTENSION = app;
			};
			name = Debug;
		};
		B67128AE1919E9A200E6AFC1 /* Release */ = {
			isa = XCBuildConfiguration;
			baseConfigurationReference = F94BD0290E004F8B91393934 /* Pods.xcconfig */;
			buildSettings = {
				ASSETCATALOG_COMPILER_APPICON_NAME = AppIcon;
				ASSETCATALOG_COMPILER_LAUNCHIMAGE_NAME = LaunchImage;
				FRAMEWORK_SEARCH_PATHS = "$(SRCROOT)";
				GCC_PRECOMPILE_PREFIX_HEADER = YES;
				GCC_PREFIX_HEADER = "SitCircles/SitCircles-Prefix.pch";
				INFOPLIST_FILE = "SitCircles/SitCircles-Info.plist";
				PRODUCT_NAME = "$(TARGET_NAME)";
				WRAPPER_EXTENSION = app;
			};
			name = Release;
		};
		B67128B01919E9A200E6AFC1 /* Debug */ = {
			isa = XCBuildConfiguration;
			baseConfigurationReference = F94BD0290E004F8B91393934 /* Pods.xcconfig */;
			buildSettings = {
				BUNDLE_LOADER = "$(BUILT_PRODUCTS_DIR)/SitCircles.app/SitCircles";
				FRAMEWORK_SEARCH_PATHS = (
					"$(SDKROOT)/Developer/Library/Frameworks",
					"$(inherited)",
					"$(DEVELOPER_FRAMEWORKS_DIR)",
				);
				GCC_PRECOMPILE_PREFIX_HEADER = YES;
				GCC_PREFIX_HEADER = "SitCircles/SitCircles-Prefix.pch";
				GCC_PREPROCESSOR_DEFINITIONS = (
					"DEBUG=1",
					"$(inherited)",
				);
				INFOPLIST_FILE = "SitCirclesTests/SitCirclesTests-Info.plist";
				LIBRARY_SEARCH_PATHS = (
					"$(inherited)",
					"$(PROJECT_DIR)/Pods/build/Debug-iphoneos",
				);
				PRODUCT_NAME = "$(TARGET_NAME)";
				TEST_HOST = "$(BUNDLE_LOADER)";
				WRAPPER_EXTENSION = xctest;
			};
			name = Debug;
		};
		B67128B11919E9A200E6AFC1 /* Release */ = {
			isa = XCBuildConfiguration;
			buildSettings = {
				BUNDLE_LOADER = "$(BUILT_PRODUCTS_DIR)/SitCircles.app/SitCircles";
				FRAMEWORK_SEARCH_PATHS = (
					"$(SDKROOT)/Developer/Library/Frameworks",
					"$(inherited)",
					"$(DEVELOPER_FRAMEWORKS_DIR)",
				);
				GCC_PRECOMPILE_PREFIX_HEADER = YES;
				GCC_PREFIX_HEADER = "SitCircles/SitCircles-Prefix.pch";
				INFOPLIST_FILE = "SitCirclesTests/SitCirclesTests-Info.plist";
				LIBRARY_SEARCH_PATHS = (
					"$(inherited)",
					"$(PROJECT_DIR)/Pods/build/Debug-iphoneos",
				);
				PRODUCT_NAME = "$(TARGET_NAME)";
				TEST_HOST = "$(BUNDLE_LOADER)";
				WRAPPER_EXTENSION = xctest;
			};
			name = Release;
		};
/* End XCBuildConfiguration section */

/* Begin XCConfigurationList section */
		B67128721919E9A200E6AFC1 /* Build configuration list for PBXProject "SitCircles" */ = {
			isa = XCConfigurationList;
			buildConfigurations = (
				B67128AA1919E9A200E6AFC1 /* Debug */,
				B67128AB1919E9A200E6AFC1 /* Release */,
			);
			defaultConfigurationIsVisible = 0;
			defaultConfigurationName = Release;
		};
		B67128AC1919E9A200E6AFC1 /* Build configuration list for PBXNativeTarget "SitCircles" */ = {
			isa = XCConfigurationList;
			buildConfigurations = (
				B67128AD1919E9A200E6AFC1 /* Debug */,
				B67128AE1919E9A200E6AFC1 /* Release */,
			);
			defaultConfigurationIsVisible = 0;
			defaultConfigurationName = Release;
		};
		B67128AF1919E9A200E6AFC1 /* Build configuration list for PBXNativeTarget "SitCirclesTests" */ = {
			isa = XCConfigurationList;
			buildConfigurations = (
				B67128B01919E9A200E6AFC1 /* Debug */,
				B67128B11919E9A200E6AFC1 /* Release */,
			);
			defaultConfigurationIsVisible = 0;
			defaultConfigurationName = Release;
		};
/* End XCConfigurationList section */
	};
	rootObject = B671286F1919E9A200E6AFC1 /* Project object */;
}
